
Microsoft Visual Studio Solution File, Format Version 12.00
# Visual Studio Version 17
VisualStudioVersion = 17.5.33424.131
MinimumVisualStudioVersion = 10.0.40219.1
Project("{FAE04EC0-301F-11D3-BF4B-00C04F79EFBC}") = "RepasoDapper", "RepasoDapper\RepasoDapper.csproj", "{1D3146A8-DB0A-4AAD-9B7E-D8BFF1919E01}"
EndProject
Project("{FAE04EC0-301F-11D3-BF4B-00C04F79EFBC}") = "RepasoDapper.Repositorie", "RepasoDapper.Repositorie\RepasoDapper.Repositorie.csproj", "{F648B91D-B24E-4886-97E3-A089A51DFD9E}"
EndProject
Project("{FAE04EC0-301F-11D3-BF4B-00C04F79EFBC}") = "RepasoDapper.Servicies", "RepasoDapper.Servicies\RepasoDapper.Servicies.csproj", "{A5739EF8-F86A-47E4-80D1-240CBFE3DEFB}"
EndProject
Project("{FAE04EC0-301F-11D3-BF4B-00C04F79EFBC}") = "RepasoDapper.Entities", "RepasoDapper.Entities\RepasoDapper.Entities.csproj", "{122A5698-8469-4482-B144-A32DDE6EF10A}"
EndProject
Global
	GlobalSection(SolutionConfigurationPlatforms) = preSolution
		Debug|Any CPU = Debug|Any CPU
		Release|Any CPU = Release|Any CPU
	EndGlobalSection
	GlobalSection(ProjectConfigurationPlatforms) = postSolution
		{1D3146A8-DB0A-4AAD-9B7E-D8BFF1919E01}.Debug|Any CPU.ActiveCfg = Debug|Any CPU
		{1D3146A8-DB0A-4AAD-9B7E-D8BFF1919E01}.Debug|Any CPU.Build.0 = Debug|Any CPU
		{1D3146A8-DB0A-4AAD-9B7E-D8BFF1919E01}.Release|Any CPU.ActiveCfg = Release|Any CPU
		{1D3146A8-DB0A-4AAD-9B7E-D8BFF1919E01}.Release|Any CPU.Build.0 = Release|Any CPU
		{F648B91D-B24E-4886-97E3-A089A51DFD9E}.Debug|Any CPU.ActiveCfg = Debug|Any CPU
		{F648B91D-B24E-4886-97E3-A089A51DFD9E}.Debug|Any CPU.Build.0 = Debug|Any CPU
		{F648B91D-B24E-4886-97E3-A089A51DFD9E}.Release|Any CPU.ActiveCfg = Release|Any CPU
		{F648B91D-B24E-4886-97E3-A089A51DFD9E}.Release|Any CPU.Build.0 = Release|Any CPU
		{A5739EF8-F86A-47E4-80D1-240CBFE3DEFB}.Debug|Any CPU.ActiveCfg = Debug|Any CPU
		{A5739EF8-F86A-47E4-80D1-240CBFE3DEFB}.Debug|Any CPU.Build.0 = Debug|Any CPU
		{A5739EF8-F86A-47E4-80D1-240CBFE3DEFB}.Release|Any CPU.ActiveCfg = Release|Any CPU
		{A5739EF8-F86A-47E4-80D1-240CBFE3DEFB}.Release|Any CPU.Build.0 = Release|Any CPU
		{122A5698-8469-4482-B144-A32DDE6EF10A}.Debug|Any CPU.ActiveCfg = Debug|Any CPU
		{122A5698-8469-4482-B144-A32DDE6EF10A}.Debug|Any CPU.Build.0 = Debug|Any CPU
		{122A5698-8469-4482-B144-A32DDE6EF10A}.Release|Any CPU.ActiveCfg = Release|Any CPU
		{122A5698-8469-4482-B144-A32DDE6EF10A}.Release|Any CPU.Build.0 = Release|Any CPU
	EndGlobalSection
	GlobalSection(SolutionProperties) = preSolution
		HideSolutionNode = FALSE
	EndGlobalSection
	GlobalSection(ExtensibilityGlobals) = postSolution
		SolutionGuid = {EB97A87F-1076-4D03-848E-98C4908CDD11}
	EndGlobalSection
EndGlobal
